
Microsoft Visual Studio Solution File, Format Version 12.00
# Visual Studio 15
Project("{FAE04EC0-301F-11D3-BF4B-00C04F79EFBC}") = "Assembly-CSharp", "Assembly-CSharp.csproj", "{56F3DB4A-2815-1DBD-F26F-E96F1C7A0656}"
EndProject
Project("{FAE04EC0-301F-11D3-BF4B-00C04F79EFBC}") = "Assembly-CSharp-Editor", "Assembly-CSharp-Editor.csproj", "{B99EC7BC-173F-D7BE-720E-F53CD9EC7613}"
EndProject
Global
	GlobalSection(SolutionConfigurationPlatforms) = preSolution
		Debug|Any CPU = Debug|Any CPU
		Release|Any CPU = Release|Any CPU
	EndGlobalSection
	GlobalSection(ProjectConfigurationPlatforms) = postSolution
		{56F3DB4A-2815-1DBD-F26F-E96F1C7A0656}.Debug|Any CPU.ActiveCfg = Debug|Any CPU
		{56F3DB4A-2815-1DBD-F26F-E96F1C7A0656}.Debug|Any CPU.Build.0 = Debug|Any CPU
		{56F3DB4A-2815-1DBD-F26F-E96F1C7A0656}.Release|Any CPU.ActiveCfg = Release|Any CPU
		{56F3DB4A-2815-1DBD-F26F-E96F1C7A0656}.Release|Any CPU.Build.0 = Release|Any CPU
		{B99EC7BC-173F-D7BE-720E-F53CD9EC7613}.Debug|Any CPU.ActiveCfg = Debug|Any CPU
		{B99EC7BC-173F-D7BE-720E-F53CD9EC7613}.Debug|Any CPU.Build.0 = Debug|Any CPU
		{B99EC7BC-173F-D7BE-720E-F53CD9EC7613}.Release|Any CPU.ActiveCfg = Release|Any CPU
		{B99EC7BC-173F-D7BE-720E-F53CD9EC7613}.Release|Any CPU.Build.0 = Release|Any CPU
	EndGlobalSection
	GlobalSection(SolutionProperties) = preSolution
		HideSolutionNode = FALSE
	EndGlobalSection
EndGlobal
